# This file was autogenerated by uv via the following command:
#    uv pip compile requirements.txt -o requirements.lock
aiofiles==24.1.0
    # via -r requirements.txt
aiohappyeyeballs==2.6.1
    # via aiohttp
aiohttp==3.13.5
    # via
    #   fsspec
    #   langchain-community
    #   tavily
aiosignal==1.4.0
    # via aiohttp
annotated-doc==0.0.4
    # via fastapi
annotated-types==0.7.0
    # via pydantic
anyio==4.13.0
    # via
    #   cerebras-cloud-sdk
    #   httpx
    #   openai
    #   starlette
    #   watchfiles
asgiref==3.11.1
    # via opentelemetry-instrumentation-asgi
asyncpg==0.30.0
    # via -r requirements.txt
attrs==26.1.0
    # via aiohttp
bcrypt==5.0.0
    # via passlib
boto3==1.42.96
    # via -r requirements.txt
botocore==1.42.96
    # via
    #   boto3
    #   s3transfer
cerebras-cloud-sdk==1.67.0
    # via -r requirements.txt
certifi==2026.4.22
    # via
    #   httpcore
    #   httpx
    #   requests
cffi==2.0.0
    # via cryptography
charset-normalizer==3.4.7
    # via requests
click==8.3.3
    # via uvicorn
colorama==0.4.6
    # via
    #   click
    #   tqdm
    #   uvicorn
cryptography==47.0.0
    # via pyjwt
dataclasses-json==0.6.7
    # via langchain-community
datasets==4.8.4
    # via -r requirements.txt
dill==0.4.1
    # via
    #   datasets
    #   multiprocess
distro==1.9.0
    # via
    #   cerebras-cloud-sdk
    #   openai
dnspython==2.8.0
    # via email-validator
duckdb==1.5.2
    # via -r requirements.txt
email-validator==2.3.0
    # via
    #   -r requirements.txt
    #   pydantic
executing==2.2.1
    # via logfire
fastapi==0.136.1
    # via -r requirements.txt
filelock==3.29.0
    # via
    #   datasets
    #   huggingface-hub
    #   torch
    #   transformers
frozenlist==1.8.0
    # via
    #   aiohttp
    #   aiosignal
fsspec==2026.2.0
    # via
    #   datasets
    #   huggingface-hub
    #   torch
googleapis-common-protos==1.74.0
    # via opentelemetry-exporter-otlp-proto-http
greenlet==3.4.0
    # via sqlalchemy
h11==0.16.0
    # via
    #   httpcore
    #   uvicorn
h2==4.3.0
    # via httpx
hpack==4.1.0
    # via h2
httpcore==1.0.9
    # via httpx
httptools==0.7.1
    # via uvicorn
httpx==0.28.1
    # via
    #   -r requirements.txt
    #   cerebras-cloud-sdk
    #   datasets
    #   langsmith
    #   openai
httpx-sse==0.4.3
    # via langchain-community
huggingface-hub==0.36.2
    # via
    #   datasets
    #   sentence-transformers
    #   tokenizers
    #   transformers
hyperframe==6.1.0
    # via h2
idna==3.13
    # via
    #   anyio
    #   email-validator
    #   httpx
    #   requests
    #   yarl
importlib-metadata==8.7.1
    # via opentelemetry-api
jinja2==3.1.6
    # via torch
jiter==0.14.0
    # via openai
jmespath==1.1.0
    # via
    #   boto3
    #   botocore
joblib==1.5.3
    # via scikit-learn
jsonpatch==1.33
    # via langchain-core
jsonpointer==3.1.1
    # via jsonpatch
langchain==0.3.20
    # via
    #   -r requirements.txt
    #   langchain-community
langchain-community==0.3.19
    # via -r requirements.txt
langchain-core==0.3.84
    # via
    #   -r requirements.txt
    #   langchain
    #   langchain-community
    #   langchain-openai
    #   langchain-text-splitters
langchain-openai==0.3.35
    # via -r requirements.txt
langchain-text-splitters==0.3.6
    # via
    #   -r requirements.txt
    #   langchain
langsmith==0.3.45
    # via
    #   langchain
    #   langchain-community
    #   langchain-core
logfire==4.32.1
    # via -r requirements.txt
markdown-it-py==4.0.0
    # via rich
markupsafe==3.0.3
    # via jinja2
marshmallow==3.26.2
    # via dataclasses-json
mdurl==0.1.2
    # via markdown-it-py
mpmath==1.3.0
    # via sympy
multidict==6.7.1
    # via
    #   aiohttp
    #   yarl
multiprocess==0.70.19
    # via datasets
mypy-extensions==1.1.0
    # via typing-inspect
networkx==3.6.1
    # via torch
numpy==1.26.4
    # via
    #   -r requirements.txt
    #   datasets
    #   langchain-community
    #   pandas
    #   scikit-learn
    #   scipy
    #   transformers
openai==1.109.1
    # via
    #   -r requirements.txt
    #   langchain-openai
opentelemetry-api==1.40.0
    # via
    #   opentelemetry-exporter-otlp-proto-http
    #   opentelemetry-instrumentation
    #   opentelemetry-instrumentation-asgi
    #   opentelemetry-instrumentation-asyncpg
    #   opentelemetry-instrumentation-fastapi
    #   opentelemetry-sdk
    #   opentelemetry-semantic-conventions
opentelemetry-exporter-otlp-proto-common==1.40.0
    # via opentelemetry-exporter-otlp-proto-http
opentelemetry-exporter-otlp-proto-http==1.40.0
    # via logfire
opentelemetry-instrumentation==0.61b0
    # via
    #   logfire
    #   opentelemetry-instrumentation-asgi
    #   opentelemetry-instrumentation-asyncpg
    #   opentelemetry-instrumentation-fastapi
opentelemetry-instrumentation-asgi==0.61b0
    # via opentelemetry-instrumentation-fastapi
opentelemetry-instrumentation-asyncpg==0.61b0
    # via logfire
opentelemetry-instrumentation-fastapi==0.61b0
    # via logfire
opentelemetry-proto==1.40.0
    # via
    #   opentelemetry-exporter-otlp-proto-common
    #   opentelemetry-exporter-otlp-proto-http
opentelemetry-sdk==1.40.0
    # via
    #   logfire
    #   opentelemetry-exporter-otlp-proto-http
opentelemetry-semantic-conventions==0.61b0
    # via
    #   opentelemetry-instrumentation
    #   opentelemetry-instrumentation-asgi
    #   opentelemetry-instrumentation-asyncpg
    #   opentelemetry-instrumentation-fastapi
    #   opentelemetry-sdk
opentelemetry-util-http==0.61b0
    # via
    #   opentelemetry-instrumentation-asgi
    #   opentelemetry-instrumentation-fastapi
orjson==3.11.8
    # via langsmith
packaging==25.0
    # via
    #   datasets
    #   huggingface-hub
    #   langchain-core
    #   langsmith
    #   marshmallow
    #   opentelemetry-instrumentation
    #   transformers
pandas==3.0.2
    # via
    #   -r requirements.txt
    #   datasets
passlib==1.7.4
    # via -r requirements.txt
pillow==12.2.0
    # via sentence-transformers
propcache==0.4.1
    # via
    #   aiohttp
    #   yarl
protobuf==6.33.6
    # via
    #   googleapis-common-protos
    #   logfire
    #   opentelemetry-proto
psutil==7.2.2
    # via -r requirements.txt
psycopg2-binary==2.9.12
    # via -r requirements.txt
pyarrow==24.0.0
    # via datasets
pycparser==3.0
    # via cffi
pydantic==2.10.6
    # via
    #   -r requirements.txt
    #   cerebras-cloud-sdk
    #   fastapi
    #   langchain
    #   langchain-core
    #   langsmith
    #   openai
    #   pydantic-settings
pydantic-core==2.27.2
    # via pydantic
pydantic-settings==2.7.1
    # via
    #   -r requirements.txt
    #   langchain-community
pygments==2.20.0
    # via rich
pyjwt==2.12.1
    # via -r requirements.txt
python-dateutil==2.9.0.post0
    # via
    #   botocore
    #   pandas
python-dotenv==1.2.2
    # via
    #   -r requirements.txt
    #   pydantic-settings
    #   uvicorn
python-multipart==0.0.26
    # via -r requirements.txt
pyyaml==6.0.3
    # via
    #   datasets
    #   huggingface-hub
    #   langchain
    #   langchain-community
    #   langchain-core
    #   transformers
    #   uvicorn
redis==5.2.1
    # via -r requirements.txt
regex==2026.4.4
    # via
    #   tiktoken
    #   transformers
requests==2.33.1
    # via
    #   -r requirements.txt
    #   datasets
    #   huggingface-hub
    #   langchain
    #   langchain-community
    #   langsmith
    #   opentelemetry-exporter-otlp-proto-http
    #   requests-toolbelt
    #   tavily
    #   tiktoken
    #   transformers
requests-toolbelt==1.0.0
    # via langsmith
rich==15.0.0
    # via logfire
s3transfer==0.16.1
    # via boto3
safetensors==0.7.0
    # via transformers
scikit-learn==1.8.0
    # via
    #   -r requirements.txt
    #   sentence-transformers
scipy==1.17.1
    # via
    #   scikit-learn
    #   sentence-transformers
sentence-transformers==3.4.1
    # via -r requirements.txt
setuptools==81.0.0
    # via torch
six==1.17.0
    # via python-dateutil
sniffio==1.3.1
    # via
    #   cerebras-cloud-sdk
    #   openai
sqlalchemy==2.0.49
    # via
    #   -r requirements.txt
    #   langchain
    #   langchain-community
starlette==1.0.0
    # via fastapi
sympy==1.14.0
    # via torch
tavily==1.1.0
    # via -r requirements.txt
tenacity==9.0.0
    # via
    #   -r requirements.txt
    #   langchain-community
    #   langchain-core
threadpoolctl==3.6.0
    # via scikit-learn
tiktoken==0.8.0
    # via
    #   -r requirements.txt
    #   langchain-openai
tokenizers==0.22.2
    # via transformers
torch==2.11.0
    # via sentence-transformers
tqdm==4.67.3
    # via
    #   datasets
    #   huggingface-hub
    #   openai
    #   sentence-transformers
    #   transformers
transformers==4.57.6
    # via sentence-transformers
typing-extensions==4.15.0
    # via
    #   aiosignal
    #   anyio
    #   cerebras-cloud-sdk
    #   fastapi
    #   huggingface-hub
    #   langchain-core
    #   logfire
    #   openai
    #   opentelemetry-api
    #   opentelemetry-exporter-otlp-proto-http
    #   opentelemetry-sdk
    #   opentelemetry-semantic-conventions
    #   pydantic
    #   pydantic-core
    #   sqlalchemy
    #   starlette
    #   torch
    #   typing-inspect
    #   typing-inspection
typing-inspect==0.9.0
    # via dataclasses-json
typing-inspection==0.4.2
    # via fastapi
tzdata==2026.2
    # via pandas
urllib3==2.6.3
    # via
    #   botocore
    #   requests
uuid-utils==0.14.1
    # via langchain-core
uvicorn==0.46.0
    # via -r requirements.txt
watchfiles==1.1.1
    # via uvicorn
websockets==15.0.1
    # via
    #   -r requirements.txt
    #   uvicorn
wrapt==1.17.3
    # via opentelemetry-instrumentation
xxhash==3.6.0
    # via datasets
yarl==1.23.0
    # via aiohttp
zipp==3.23.1
    # via importlib-metadata
zstandard==0.23.0
    # via langsmith
